
Microsoft Visual Studio Solution File, Format Version 12.00
# Visual Studio Version 17
VisualStudioVersion = 17.0.32112.339
MinimumVisualStudioVersion = 10.0.40219.1
Project("{FAE04EC0-301F-11D3-BF4B-00C04F79EFBC}") = "Evaluacion_1", "Evaluacion_1\Evaluacion_1.csproj", "{89192C91-752E-44BC-B15C-9551269310CC}"
EndProject
Global
	GlobalSection(SolutionConfigurationPlatforms) = preSolution
		Debug|Any CPU = Debug|Any CPU
		Release|Any CPU = Release|Any CPU
	EndGlobalSection
	GlobalSection(ProjectConfigurationPlatforms) = postSolution
		{89192C91-752E-44BC-B15C-9551269310CC}.Debug|Any CPU.ActiveCfg = Debug|Any CPU
		{89192C91-752E-44BC-B15C-9551269310CC}.Debug|Any CPU.Build.0 = Debug|Any CPU
		{89192C91-752E-44BC-B15C-9551269310CC}.Release|Any CPU.ActiveCfg = Release|Any CPU
		{89192C91-752E-44BC-B15C-9551269310CC}.Release|Any CPU.Build.0 = Release|Any CPU
	EndGlobalSection
	GlobalSection(SolutionProperties) = preSolution
		HideSolutionNode = FALSE
	EndGlobalSection
	GlobalSection(ExtensibilityGlobals) = postSolution
		SolutionGuid = {46B4702E-20B7-4268-A027-13BEBF184F21}
	EndGlobalSection
EndGlobal
